
Microsoft Visual Studio Solution File, Format Version 12.00
# Visual Studio 15
VisualStudioVersion = 15.0.26730.12
MinimumVisualStudioVersion = 10.0.40219.1
Project("{FAE04EC0-301F-11D3-BF4B-00C04F79EFBC}") = "HelloWorld", "HelloWorld\HelloWorld.csproj", "{FCC04BB2-BD7B-4A03-870F-B3F4CE66CE2A}"
EndProject
Global
	GlobalSection(SolutionConfigurationPlatforms) = preSolution
		Debug|Any CPU = Debug|Any CPU
		Release|Any CPU = Release|Any CPU
	EndGlobalSection
	GlobalSection(ProjectConfigurationPlatforms) = postSolution
		{FCC04BB2-BD7B-4A03-870F-B3F4CE66CE2A}.Debug|Any CPU.ActiveCfg = Debug|Any CPU
		{FCC04BB2-BD7B-4A03-870F-B3F4CE66CE2A}.Debug|Any CPU.Build.0 = Debug|Any CPU
		{FCC04BB2-BD7B-4A03-870F-B3F4CE66CE2A}.Release|Any CPU.ActiveCfg = Release|Any CPU
		{FCC04BB2-BD7B-4A03-870F-B3F4CE66CE2A}.Release|Any CPU.Build.0 = Release|Any CPU
	EndGlobalSection
	GlobalSection(SolutionProperties) = preSolution
		HideSolutionNode = FALSE
	EndGlobalSection
	GlobalSection(ExtensibilityGlobals) = postSolution
		SolutionGuid = {377F4A70-D1A3-4324-A4A7-C0C524F44B6D}
	EndGlobalSection
EndGlobal
